
Microsoft Visual Studio Solution File, Format Version 12.00
# Visual Studio Version 16
VisualStudioVersion = 16.0.31702.278
MinimumVisualStudioVersion = 10.0.40219.1
Project("{9A19103F-16F7-4668-BE54-9A1E7A4F7556}") = "PokemonSystem.Common", "PokemonSystem.Common\PokemonSystem.Common.csproj", "{05A6090F-F8F5-42BF-9B7C-BC106134F794}"
EndProject
Project("{9A19103F-16F7-4668-BE54-9A1E7A4F7556}") = "PokemonSystem.Evolution.Api", "PokemonSystem.Evolution.Api\PokemonSystem.Evolution.Api.csproj", "{49A07B58-14AA-4E40-BB80-7D587B1F5DC4}"
EndProject
Project("{9A19103F-16F7-4668-BE54-9A1E7A4F7556}") = "PokemonSystem.Evolution.Domain", "PokemonSystem.Evolution.Domain\PokemonSystem.Evolution.Domain.csproj", "{941F3DE6-454B-4A39-81F6-95D05DD1F903}"
EndProject
Project("{9A19103F-16F7-4668-BE54-9A1E7A4F7556}") = "PokemonSystem.Incubator.Api", "PokemonSystem.Incubator.Api\PokemonSystem.Incubator.Api.csproj", "{5FF11A8F-8BD4-41E0-AAB9-35531A6C92BE}"
EndProject
Project("{9A19103F-16F7-4668-BE54-9A1E7A4F7556}") = "PokemonSystem.Incubator.Domain", "PokemonSystem.Incubator.Domain\PokemonSystem.Incubator.Domain.csproj", "{4360AA89-BC49-4146-B124-99B8530E17C6}"
EndProject
Project("{9A19103F-16F7-4668-BE54-9A1E7A4F7556}") = "PokemonSystem.Learning.Api", "PokemonSystem.Learning.Api\PokemonSystem.Learning.Api.csproj", "{BF048BD9-75AA-40C8-8E12-54D9A51794F8}"
EndProject
Project("{9A19103F-16F7-4668-BE54-9A1E7A4F7556}") = "PokemonSystem.Learning.Domain", "PokemonSystem.Learning.Domain\PokemonSystem.Learning.Domain.csproj", "{7C83398F-9F69-4A81-AD71-770F4507E74D}"
EndProject
Project("{2150E333-8FDC-42A3-9474-1A3956D46DE8}") = "Evolution", "Evolution", "{1C771F4E-90FB-448D-923D-B823E51B6A54}"
EndProject
Project("{2150E333-8FDC-42A3-9474-1A3956D46DE8}") = "Incubator", "Incubator", "{D78D324C-2679-4C90-9DB6-6141FDB82C8F}"
EndProject
Project("{2150E333-8FDC-42A3-9474-1A3956D46DE8}") = "Learning", "Learning", "{0F97D4E9-2DF3-40A2-A727-4016B487EB72}"
EndProject
Global
	GlobalSection(SolutionConfigurationPlatforms) = preSolution
		Debug|Any CPU = Debug|Any CPU
		Release|Any CPU = Release|Any CPU
	EndGlobalSection
	GlobalSection(ProjectConfigurationPlatforms) = postSolution
		{05A6090F-F8F5-42BF-9B7C-BC106134F794}.Debug|Any CPU.ActiveCfg = Debug|Any CPU
		{05A6090F-F8F5-42BF-9B7C-BC106134F794}.Debug|Any CPU.Build.0 = Debug|Any CPU
		{05A6090F-F8F5-42BF-9B7C-BC106134F794}.Release|Any CPU.ActiveCfg = Release|Any CPU
		{05A6090F-F8F5-42BF-9B7C-BC106134F794}.Release|Any CPU.Build.0 = Release|Any CPU
		{49A07B58-14AA-4E40-BB80-7D587B1F5DC4}.Debug|Any CPU.ActiveCfg = Debug|Any CPU
		{49A07B58-14AA-4E40-BB80-7D587B1F5DC4}.Debug|Any CPU.Build.0 = Debug|Any CPU
		{49A07B58-14AA-4E40-BB80-7D587B1F5DC4}.Release|Any CPU.ActiveCfg = Release|Any CPU
		{49A07B58-14AA-4E40-BB80-7D587B1F5DC4}.Release|Any CPU.Build.0 = Release|Any CPU
		{941F3DE6-454B-4A39-81F6-95D05DD1F903}.Debug|Any CPU.ActiveCfg = Debug|Any CPU
		{941F3DE6-454B-4A39-81F6-95D05DD1F903}.Debug|Any CPU.Build.0 = Debug|Any CPU
		{941F3DE6-454B-4A39-81F6-95D05DD1F903}.Release|Any CPU.ActiveCfg = Release|Any CPU
		{941F3DE6-454B-4A39-81F6-95D05DD1F903}.Release|Any CPU.Build.0 = Release|Any CPU
		{5FF11A8F-8BD4-41E0-AAB9-35531A6C92BE}.Debug|Any CPU.ActiveCfg = Debug|Any CPU
		{5FF11A8F-8BD4-41E0-AAB9-35531A6C92BE}.Debug|Any CPU.Build.0 = Debug|Any CPU
		{5FF11A8F-8BD4-41E0-AAB9-35531A6C92BE}.Release|Any CPU.ActiveCfg = Release|Any CPU
		{5FF11A8F-8BD4-41E0-AAB9-35531A6C92BE}.Release|Any CPU.Build.0 = Release|Any CPU
		{4360AA89-BC49-4146-B124-99B8530E17C6}.Debug|Any CPU.ActiveCfg = Debug|Any CPU
		{4360AA89-BC49-4146-B124-99B8530E17C6}.Debug|Any CPU.Build.0 = Debug|Any CPU
		{4360AA89-BC49-4146-B124-99B8530E17C6}.Release|Any CPU.ActiveCfg = Release|Any CPU
		{4360AA89-BC49-4146-B124-99B8530E17C6}.Release|Any CPU.Build.0 = Release|Any CPU
		{BF048BD9-75AA-40C8-8E12-54D9A51794F8}.Debug|Any CPU.ActiveCfg = Debug|Any CPU
		{BF048BD9-75AA-40C8-8E12-54D9A51794F8}.Debug|Any CPU.Build.0 = Debug|Any CPU
		{BF048BD9-75AA-40C8-8E12-54D9A51794F8}.Release|Any CPU.ActiveCfg = Release|Any CPU
		{BF048BD9-75AA-40C8-8E12-54D9A51794F8}.Release|Any CPU.Build.0 = Release|Any CPU
		{7C83398F-9F69-4A81-AD71-770F4507E74D}.Debug|Any CPU.ActiveCfg = Debug|Any CPU
		{7C83398F-9F69-4A81-AD71-770F4507E74D}.Debug|Any CPU.Build.0 = Debug|Any CPU
		{7C83398F-9F69-4A81-AD71-770F4507E74D}.Release|Any CPU.ActiveCfg = Release|Any CPU
		{7C83398F-9F69-4A81-AD71-770F4507E74D}.Release|Any CPU.Build.0 = Release|Any CPU
	EndGlobalSection
	GlobalSection(SolutionProperties) = preSolution
		HideSolutionNode = FALSE
	EndGlobalSection
	GlobalSection(NestedProjects) = preSolution
		{49A07B58-14AA-4E40-BB80-7D587B1F5DC4} = {1C771F4E-90FB-448D-923D-B823E51B6A54}
		{941F3DE6-454B-4A39-81F6-95D05DD1F903} = {1C771F4E-90FB-448D-923D-B823E51B6A54}
		{5FF11A8F-8BD4-41E0-AAB9-35531A6C92BE} = {D78D324C-2679-4C90-9DB6-6141FDB82C8F}
		{4360AA89-BC49-4146-B124-99B8530E17C6} = {D78D324C-2679-4C90-9DB6-6141FDB82C8F}
		{BF048BD9-75AA-40C8-8E12-54D9A51794F8} = {0F97D4E9-2DF3-40A2-A727-4016B487EB72}
		{7C83398F-9F69-4A81-AD71-770F4507E74D} = {0F97D4E9-2DF3-40A2-A727-4016B487EB72}
	EndGlobalSection
	GlobalSection(ExtensibilityGlobals) = postSolution
		SolutionGuid = {9676B0B7-3452-42D9-A071-50F7702D02BC}
	EndGlobalSection
EndGlobal
